
Microsoft Visual Studio Solution File, Format Version 12.00
# Visual Studio Version 17
VisualStudioVersion = 17.8.34330.188
MinimumVisualStudioVersion = 10.0.40219.1
Project("{FAE04EC0-301F-11D3-BF4B-00C04F79EFBC}") = "MenuV4", "MenuV4\MenuV4.csproj", "{C7DD7E8F-A855-409D-9F88-60569CE3F91D}"
EndProject
Global
	GlobalSection(SolutionConfigurationPlatforms) = preSolution
		Debug|Any CPU = Debug|Any CPU
		Release|Any CPU = Release|Any CPU
	EndGlobalSection
	GlobalSection(ProjectConfigurationPlatforms) = postSolution
		{C7DD7E8F-A855-409D-9F88-60569CE3F91D}.Debug|Any CPU.ActiveCfg = Debug|Any CPU
		{C7DD7E8F-A855-409D-9F88-60569CE3F91D}.Debug|Any CPU.Build.0 = Debug|Any CPU
		{C7DD7E8F-A855-409D-9F88-60569CE3F91D}.Release|Any CPU.ActiveCfg = Release|Any CPU
		{C7DD7E8F-A855-409D-9F88-60569CE3F91D}.Release|Any CPU.Build.0 = Release|Any CPU
	EndGlobalSection
	GlobalSection(SolutionProperties) = preSolution
		HideSolutionNode = FALSE
	EndGlobalSection
	GlobalSection(ExtensibilityGlobals) = postSolution
		SolutionGuid = {37C2496F-4B4E-4FD3-AA0B-C3D5FB489066}
	EndGlobalSection
EndGlobal
